
Microsoft Visual Studio Solution File, Format Version 12.00
# Visual Studio 15
VisualStudioVersion = 15.0.27130.2003
MinimumVisualStudioVersion = 10.0.40219.1
Project("{FAE04EC0-301F-11D3-BF4B-00C04F79EFBC}") = "MosacWebService", "MosacWebService\MosacWebService.csproj", "{DB57F147-8B46-4AEF-AC76-2472C1D1BD09}"
EndProject
Global
	GlobalSection(SolutionConfigurationPlatforms) = preSolution
		Debug|Any CPU = Debug|Any CPU
		Release|Any CPU = Release|Any CPU
	EndGlobalSection
	GlobalSection(ProjectConfigurationPlatforms) = postSolution
		{DB57F147-8B46-4AEF-AC76-2472C1D1BD09}.Debug|Any CPU.ActiveCfg = Debug|Any CPU
		{DB57F147-8B46-4AEF-AC76-2472C1D1BD09}.Debug|Any CPU.Build.0 = Debug|Any CPU
		{DB57F147-8B46-4AEF-AC76-2472C1D1BD09}.Release|Any CPU.ActiveCfg = Release|Any CPU
		{DB57F147-8B46-4AEF-AC76-2472C1D1BD09}.Release|Any CPU.Build.0 = Release|Any CPU
	EndGlobalSection
	GlobalSection(SolutionProperties) = preSolution
		HideSolutionNode = FALSE
	EndGlobalSection
	GlobalSection(ExtensibilityGlobals) = postSolution
		SolutionGuid = {7759C4F4-532F-473B-82D5-B636262DCC32}
	EndGlobalSection
EndGlobal
